
Microsoft Visual Studio Solution File, Format Version 12.00
# Visual Studio 14
VisualStudioVersion = 14.0.25420.1
MinimumVisualStudioVersion = 10.0.40219.1
Project("{8BC9CEB8-8B4A-11D0-8D11-00A0C91BC942}") = "PlacementNew", "PlacementNew\PlacementNew.vcxproj", "{74467435-2A09-4CD6-9267-76663D2148FB}"
EndProject
Project("{8BC9CEB8-8B4A-11D0-8D11-00A0C91BC942}") = "VirtualDestructor", "VirtualDestructor\VirtualDestructor.vcxproj", "{AFA01740-973A-4085-904F-C9B598E2BB15}"
EndProject
Project("{8BC9CEB8-8B4A-11D0-8D11-00A0C91BC942}") = "Key-explicit", "Key-explicit\Key-explicit.vcxproj", "{6B0B6070-1BA3-481E-BEBB-1C64D50574CC}"
EndProject
Project("{8BC9CEB8-8B4A-11D0-8D11-00A0C91BC942}") = "SharedPtr", "SharedPtr\SharedPtr.vcxproj", "{1021B6AC-1ED1-4392-A85B-8F82A9ADE9A1}"
EndProject
Project("{8BC9CEB8-8B4A-11D0-8D11-00A0C91BC942}") = "MemberFunctionPointer", "MemberFunctionPointer\MemberFunctionPointer.vcxproj", "{1296B151-FE77-4FDD-8BC0-02549BE0C375}"
EndProject
Global
	GlobalSection(SolutionConfigurationPlatforms) = preSolution
		Debug|x64 = Debug|x64
		Debug|x86 = Debug|x86
		Release|x64 = Release|x64
		Release|x86 = Release|x86
	EndGlobalSection
	GlobalSection(ProjectConfigurationPlatforms) = postSolution
		{74467435-2A09-4CD6-9267-76663D2148FB}.Debug|x64.ActiveCfg = Debug|x64
		{74467435-2A09-4CD6-9267-76663D2148FB}.Debug|x64.Build.0 = Debug|x64
		{74467435-2A09-4CD6-9267-76663D2148FB}.Debug|x86.ActiveCfg = Debug|Win32
		{74467435-2A09-4CD6-9267-76663D2148FB}.Debug|x86.Build.0 = Debug|Win32
		{74467435-2A09-4CD6-9267-76663D2148FB}.Release|x64.ActiveCfg = Release|x64
		{74467435-2A09-4CD6-9267-76663D2148FB}.Release|x64.Build.0 = Release|x64
		{74467435-2A09-4CD6-9267-76663D2148FB}.Release|x86.ActiveCfg = Release|Win32
		{74467435-2A09-4CD6-9267-76663D2148FB}.Release|x86.Build.0 = Release|Win32
		{AFA01740-973A-4085-904F-C9B598E2BB15}.Debug|x64.ActiveCfg = Debug|x64
		{AFA01740-973A-4085-904F-C9B598E2BB15}.Debug|x64.Build.0 = Debug|x64
		{AFA01740-973A-4085-904F-C9B598E2BB15}.Debug|x86.ActiveCfg = Debug|Win32
		{AFA01740-973A-4085-904F-C9B598E2BB15}.Debug|x86.Build.0 = Debug|Win32
		{AFA01740-973A-4085-904F-C9B598E2BB15}.Release|x64.ActiveCfg = Release|x64
		{AFA01740-973A-4085-904F-C9B598E2BB15}.Release|x64.Build.0 = Release|x64
		{AFA01740-973A-4085-904F-C9B598E2BB15}.Release|x86.ActiveCfg = Release|Win32
		{AFA01740-973A-4085-904F-C9B598E2BB15}.Release|x86.Build.0 = Release|Win32
		{6B0B6070-1BA3-481E-BEBB-1C64D50574CC}.Debug|x64.ActiveCfg = Debug|x64
		{6B0B6070-1BA3-481E-BEBB-1C64D50574CC}.Debug|x64.Build.0 = Debug|x64
		{6B0B6070-1BA3-481E-BEBB-1C64D50574CC}.Debug|x86.ActiveCfg = Debug|Win32
		{6B0B6070-1BA3-481E-BEBB-1C64D50574CC}.Debug|x86.Build.0 = Debug|Win32
		{6B0B6070-1BA3-481E-BEBB-1C64D50574CC}.Release|x64.ActiveCfg = Release|x64
		{6B0B6070-1BA3-481E-BEBB-1C64D50574CC}.Release|x64.Build.0 = Release|x64
		{6B0B6070-1BA3-481E-BEBB-1C64D50574CC}.Release|x86.ActiveCfg = Release|Win32
		{6B0B6070-1BA3-481E-BEBB-1C64D50574CC}.Release|x86.Build.0 = Release|Win32
		{1021B6AC-1ED1-4392-A85B-8F82A9ADE9A1}.Debug|x64.ActiveCfg = Debug|x64
		{1021B6AC-1ED1-4392-A85B-8F82A9ADE9A1}.Debug|x64.Build.0 = Debug|x64
		{1021B6AC-1ED1-4392-A85B-8F82A9ADE9A1}.Debug|x86.ActiveCfg = Debug|Win32
		{1021B6AC-1ED1-4392-A85B-8F82A9ADE9A1}.Debug|x86.Build.0 = Debug|Win32
		{1021B6AC-1ED1-4392-A85B-8F82A9ADE9A1}.Release|x64.ActiveCfg = Release|x64
		{1021B6AC-1ED1-4392-A85B-8F82A9ADE9A1}.Release|x64.Build.0 = Release|x64
		{1021B6AC-1ED1-4392-A85B-8F82A9ADE9A1}.Release|x86.ActiveCfg = Release|Win32
		{1021B6AC-1ED1-4392-A85B-8F82A9ADE9A1}.Release|x86.Build.0 = Release|Win32
		{1296B151-FE77-4FDD-8BC0-02549BE0C375}.Debug|x64.ActiveCfg = Debug|x64
		{1296B151-FE77-4FDD-8BC0-02549BE0C375}.Debug|x64.Build.0 = Debug|x64
		{1296B151-FE77-4FDD-8BC0-02549BE0C375}.Debug|x86.ActiveCfg = Debug|Win32
		{1296B151-FE77-4FDD-8BC0-02549BE0C375}.Debug|x86.Build.0 = Debug|Win32
		{1296B151-FE77-4FDD-8BC0-02549BE0C375}.Release|x64.ActiveCfg = Release|x64
		{1296B151-FE77-4FDD-8BC0-02549BE0C375}.Release|x64.Build.0 = Release|x64
		{1296B151-FE77-4FDD-8BC0-02549BE0C375}.Release|x86.ActiveCfg = Release|Win32
		{1296B151-FE77-4FDD-8BC0-02549BE0C375}.Release|x86.Build.0 = Release|Win32
	EndGlobalSection
	GlobalSection(SolutionProperties) = preSolution
		HideSolutionNode = FALSE
	EndGlobalSection
EndGlobal
